
Microsoft Visual Studio Solution File, Format Version 12.00
# Visual Studio Version 17
VisualStudioVersion = 17.5.002.0
MinimumVisualStudioVersion = 10.0.40219.1
Project("{9A19103F-16F7-4668-BE54-9A1E7A4F7556}") = "Program", "Program\Program.csproj", "{A334689D-FD8B-4A05-B43F-F1C83B4E812E}"
EndProject
Project("{9A19103F-16F7-4668-BE54-9A1E7A4F7556}") = "Library", "Library\Library.csproj", "{FCD85F22-9510-489C-81D1-E5D083D584B2}"
EndProject
Global
	GlobalSection(SolutionConfigurationPlatforms) = preSolution
		Debug|Any CPU = Debug|Any CPU
		Release|Any CPU = Release|Any CPU
	EndGlobalSection
	GlobalSection(ProjectConfigurationPlatforms) = postSolution
		{A334689D-FD8B-4A05-B43F-F1C83B4E812E}.Debug|Any CPU.ActiveCfg = Debug|Any CPU
		{A334689D-FD8B-4A05-B43F-F1C83B4E812E}.Debug|Any CPU.Build.0 = Debug|Any CPU
		{A334689D-FD8B-4A05-B43F-F1C83B4E812E}.Release|Any CPU.ActiveCfg = Release|Any CPU
		{A334689D-FD8B-4A05-B43F-F1C83B4E812E}.Release|Any CPU.Build.0 = Release|Any CPU
		{FCD85F22-9510-489C-81D1-E5D083D584B2}.Debug|Any CPU.ActiveCfg = Debug|Any CPU
		{FCD85F22-9510-489C-81D1-E5D083D584B2}.Debug|Any CPU.Build.0 = Debug|Any CPU
		{FCD85F22-9510-489C-81D1-E5D083D584B2}.Release|Any CPU.ActiveCfg = Release|Any CPU
		{FCD85F22-9510-489C-81D1-E5D083D584B2}.Release|Any CPU.Build.0 = Release|Any CPU
	EndGlobalSection
	GlobalSection(SolutionProperties) = preSolution
		HideSolutionNode = FALSE
	EndGlobalSection
	GlobalSection(ExtensibilityGlobals) = postSolution
		SolutionGuid = {31A91A5C-9EAB-4F4B-8FD8-AB7428C0DE4E}
	EndGlobalSection
EndGlobal
